
Microsoft Visual Studio Solution File, Format Version 12.00
# Visual Studio Version 17
VisualStudioVersion = 17.6.33927.249
MinimumVisualStudioVersion = 10.0.40219.1
Project("{9A19103F-16F7-4668-BE54-9A1E7A4F7556}") = "07-Simple-Native-Functions", "07-Simple-Native-Functions.csproj", "{EEBB2A6D-F8B0-48A0-88CA-B6E5FA05A465}"
EndProject
Global
	GlobalSection(SolutionConfigurationPlatforms) = preSolution
		Debug|Any CPU = Debug|Any CPU
		Release|Any CPU = Release|Any CPU
	EndGlobalSection
	GlobalSection(ProjectConfigurationPlatforms) = postSolution
		{EEBB2A6D-F8B0-48A0-88CA-B6E5FA05A465}.Debug|Any CPU.ActiveCfg = Debug|Any CPU
		{EEBB2A6D-F8B0-48A0-88CA-B6E5FA05A465}.Debug|Any CPU.Build.0 = Debug|Any CPU
		{EEBB2A6D-F8B0-48A0-88CA-B6E5FA05A465}.Release|Any CPU.ActiveCfg = Release|Any CPU
		{EEBB2A6D-F8B0-48A0-88CA-B6E5FA05A465}.Release|Any CPU.Build.0 = Release|Any CPU
	EndGlobalSection
	GlobalSection(SolutionProperties) = preSolution
		HideSolutionNode = FALSE
	EndGlobalSection
	GlobalSection(ExtensibilityGlobals) = postSolution
		SolutionGuid = {C2650167-3D2B-4C28-B41D-3AFA184C8207}
	EndGlobalSection
EndGlobal
